
Microsoft Visual Studio Solution File, Format Version 12.00
# Visual Studio 15
VisualStudioVersion = 15.0.28307.1622
MinimumVisualStudioVersion = 10.0.40219.1
Project("{FAE04EC0-301F-11D3-BF4B-00C04F79EFBC}") = "S.BanHang", "S.BanHang\S.BanHang.csproj", "{A328F5E8-5866-41CD-BC25-72C53F1A5641}"
EndProject
Global
	GlobalSection(SolutionConfigurationPlatforms) = preSolution
		Debug|Any CPU = Debug|Any CPU
		Release|Any CPU = Release|Any CPU
	EndGlobalSection
	GlobalSection(ProjectConfigurationPlatforms) = postSolution
		{A328F5E8-5866-41CD-BC25-72C53F1A5641}.Debug|Any CPU.ActiveCfg = Debug|Any CPU
		{A328F5E8-5866-41CD-BC25-72C53F1A5641}.Debug|Any CPU.Build.0 = Debug|Any CPU
		{A328F5E8-5866-41CD-BC25-72C53F1A5641}.Release|Any CPU.ActiveCfg = Release|Any CPU
		{A328F5E8-5866-41CD-BC25-72C53F1A5641}.Release|Any CPU.Build.0 = Release|Any CPU
	EndGlobalSection
	GlobalSection(SolutionProperties) = preSolution
		HideSolutionNode = FALSE
	EndGlobalSection
	GlobalSection(ExtensibilityGlobals) = postSolution
		SolutionGuid = {2563433C-818D-4574-BAF4-3605D017A297}
	EndGlobalSection
EndGlobal
